
Microsoft Visual Studio Solution File, Format Version 12.00
# Visual Studio Version 16
VisualStudioVersion = 16.0.30309.148
MinimumVisualStudioVersion = 10.0.40219.1
Project("{9A19103F-16F7-4668-BE54-9A1E7A4F7556}") = "OrderProcessingService", "OrderService\OrderProcessingService.csproj", "{9CCBD36A-2688-4280-B89F-FE5FE9E48D55}"
EndProject
Project("{9A19103F-16F7-4668-BE54-9A1E7A4F7556}") = "ShippingService", "ShippingService\ShippingService.csproj", "{B644D045-F15C-4D3E-AEB5-930F80C19895}"
EndProject
Project("{9A19103F-16F7-4668-BE54-9A1E7A4F7556}") = "OrderQueryService", "OrderQueryService\OrderQueryService.csproj", "{17E95453-573A-4506-BA46-71D4C2092335}"
EndProject
Project("{9A19103F-16F7-4668-BE54-9A1E7A4F7556}") = "Models", "Models\Models.csproj", "{C0B7C5AD-243D-40A3-A6F7-76360E0CA773}"
EndProject
Project("{2150E333-8FDC-42A3-9474-1A3956D46DE8}") = "Components", "Components", "{395A827E-9E0A-4B4E-9757-7E16946D9E67}"
	ProjectSection(SolutionItems) = preProject
		deploy.yml = deploy.yml
	EndProjectSection
EndProject
Global
	GlobalSection(SolutionConfigurationPlatforms) = preSolution
		Debug|Any CPU = Debug|Any CPU
		Release|Any CPU = Release|Any CPU
	EndGlobalSection
	GlobalSection(ProjectConfigurationPlatforms) = postSolution
		{9CCBD36A-2688-4280-B89F-FE5FE9E48D55}.Debug|Any CPU.ActiveCfg = Debug|Any CPU
		{9CCBD36A-2688-4280-B89F-FE5FE9E48D55}.Debug|Any CPU.Build.0 = Debug|Any CPU
		{9CCBD36A-2688-4280-B89F-FE5FE9E48D55}.Release|Any CPU.ActiveCfg = Release|Any CPU
		{9CCBD36A-2688-4280-B89F-FE5FE9E48D55}.Release|Any CPU.Build.0 = Release|Any CPU
		{B644D045-F15C-4D3E-AEB5-930F80C19895}.Debug|Any CPU.ActiveCfg = Debug|Any CPU
		{B644D045-F15C-4D3E-AEB5-930F80C19895}.Debug|Any CPU.Build.0 = Debug|Any CPU
		{B644D045-F15C-4D3E-AEB5-930F80C19895}.Release|Any CPU.ActiveCfg = Release|Any CPU
		{B644D045-F15C-4D3E-AEB5-930F80C19895}.Release|Any CPU.Build.0 = Release|Any CPU
		{17E95453-573A-4506-BA46-71D4C2092335}.Debug|Any CPU.ActiveCfg = Debug|Any CPU
		{17E95453-573A-4506-BA46-71D4C2092335}.Debug|Any CPU.Build.0 = Debug|Any CPU
		{17E95453-573A-4506-BA46-71D4C2092335}.Release|Any CPU.ActiveCfg = Release|Any CPU
		{17E95453-573A-4506-BA46-71D4C2092335}.Release|Any CPU.Build.0 = Release|Any CPU
		{C0B7C5AD-243D-40A3-A6F7-76360E0CA773}.Debug|Any CPU.ActiveCfg = Debug|Any CPU
		{C0B7C5AD-243D-40A3-A6F7-76360E0CA773}.Debug|Any CPU.Build.0 = Debug|Any CPU
		{C0B7C5AD-243D-40A3-A6F7-76360E0CA773}.Release|Any CPU.ActiveCfg = Release|Any CPU
		{C0B7C5AD-243D-40A3-A6F7-76360E0CA773}.Release|Any CPU.Build.0 = Release|Any CPU
	EndGlobalSection
	GlobalSection(SolutionProperties) = preSolution
		HideSolutionNode = FALSE
	EndGlobalSection
	GlobalSection(ExtensibilityGlobals) = postSolution
		SolutionGuid = {5DA9B67B-1EA8-466C-B79E-03C7DBAD1E4C}
	EndGlobalSection
EndGlobal
