
Microsoft Visual Studio Solution File, Format Version 12.00
# Visual Studio Version 16
VisualStudioVersion = 16.0.30309.148
MinimumVisualStudioVersion = 10.0.40219.1
Project("{2150E333-8FDC-42A3-9474-1A3956D46DE8}") = "CHAPTER05", "CHAPTER05", "{DA71BAA6-D076-4E39-9F41-0B0B442EB753}"
EndProject
Project("{9A19103F-16F7-4668-BE54-9A1E7A4F7556}") = "patterns-dependency-injection", "patterns-dependency-injection\patterns-dependency-injection.csproj", "{B26E663D-3BBD-40C2-879B-460B5C9136FB}"
EndProject
Project("{9A19103F-16F7-4668-BE54-9A1E7A4F7556}") = "patterns-dependency-injection-ut", "patterns-dependency-injection-ut\patterns-dependency-injection-ut.csproj", "{8F31C703-9380-471B-9659-6A8FDD12E9F7}"
EndProject
Project("{9A19103F-16F7-4668-BE54-9A1E7A4F7556}") = "patterns-singleton", "patterns-singleton\patterns-singleton.csproj", "{CF97F5F1-8E99-4524-8B01-682239F86DB6}"
EndProject
Project("{9A19103F-16F7-4668-BE54-9A1E7A4F7556}") = "patterns-factorymethod", "patterns-abstractfactory\patterns-factorymethod.csproj", "{D546CCE9-E06E-46EC-8EE3-22331245FC0E}"
EndProject
Project("{9A19103F-16F7-4668-BE54-9A1E7A4F7556}") = "patterns-lazy", "patterns-lazy\patterns-lazy.csproj", "{348F0079-61CC-440A-9E2B-C0C2ED07D872}"
EndProject
Project("{9A19103F-16F7-4668-BE54-9A1E7A4F7556}") = "patterns-strategy", "patterns-strategy\patterns-strategy.csproj", "{BFFCCA52-DD8F-4A33-8A92-162E913CDF1F}"
EndProject
Project("{9A19103F-16F7-4668-BE54-9A1E7A4F7556}") = "patterns-mediator-api", "patterns-mediator\patterns-mediator-api.csproj", "{9AF6943C-7446-49A0-8F20-9191D579A296}"
EndProject
Project("{9A19103F-16F7-4668-BE54-9A1E7A4F7556}") = "patterns-mediator-plain", "patterns-mediator-plain\patterns-mediator-plain.csproj", "{8A0AE3E6-C3CC-40E7-9BEE-DADFA00517F6}"
EndProject
Project("{9A19103F-16F7-4668-BE54-9A1E7A4F7556}") = "patterns-repository", "patterns-repository\patterns-repository.csproj", "{4342679F-17B2-4D7C-89AA-A05D29A5CF26}"
EndProject
Global
	GlobalSection(SolutionConfigurationPlatforms) = preSolution
		Debug|Any CPU = Debug|Any CPU
		Release|Any CPU = Release|Any CPU
	EndGlobalSection
	GlobalSection(ProjectConfigurationPlatforms) = postSolution
		{B26E663D-3BBD-40C2-879B-460B5C9136FB}.Debug|Any CPU.ActiveCfg = Debug|Any CPU
		{B26E663D-3BBD-40C2-879B-460B5C9136FB}.Debug|Any CPU.Build.0 = Debug|Any CPU
		{B26E663D-3BBD-40C2-879B-460B5C9136FB}.Release|Any CPU.ActiveCfg = Release|Any CPU
		{B26E663D-3BBD-40C2-879B-460B5C9136FB}.Release|Any CPU.Build.0 = Release|Any CPU
		{8F31C703-9380-471B-9659-6A8FDD12E9F7}.Debug|Any CPU.ActiveCfg = Debug|Any CPU
		{8F31C703-9380-471B-9659-6A8FDD12E9F7}.Debug|Any CPU.Build.0 = Debug|Any CPU
		{8F31C703-9380-471B-9659-6A8FDD12E9F7}.Release|Any CPU.ActiveCfg = Release|Any CPU
		{8F31C703-9380-471B-9659-6A8FDD12E9F7}.Release|Any CPU.Build.0 = Release|Any CPU
		{CF97F5F1-8E99-4524-8B01-682239F86DB6}.Debug|Any CPU.ActiveCfg = Debug|Any CPU
		{CF97F5F1-8E99-4524-8B01-682239F86DB6}.Debug|Any CPU.Build.0 = Debug|Any CPU
		{CF97F5F1-8E99-4524-8B01-682239F86DB6}.Release|Any CPU.ActiveCfg = Release|Any CPU
		{CF97F5F1-8E99-4524-8B01-682239F86DB6}.Release|Any CPU.Build.0 = Release|Any CPU
		{D546CCE9-E06E-46EC-8EE3-22331245FC0E}.Debug|Any CPU.ActiveCfg = Debug|Any CPU
		{D546CCE9-E06E-46EC-8EE3-22331245FC0E}.Debug|Any CPU.Build.0 = Debug|Any CPU
		{D546CCE9-E06E-46EC-8EE3-22331245FC0E}.Release|Any CPU.ActiveCfg = Release|Any CPU
		{D546CCE9-E06E-46EC-8EE3-22331245FC0E}.Release|Any CPU.Build.0 = Release|Any CPU
		{348F0079-61CC-440A-9E2B-C0C2ED07D872}.Debug|Any CPU.ActiveCfg = Debug|Any CPU
		{348F0079-61CC-440A-9E2B-C0C2ED07D872}.Debug|Any CPU.Build.0 = Debug|Any CPU
		{348F0079-61CC-440A-9E2B-C0C2ED07D872}.Release|Any CPU.ActiveCfg = Release|Any CPU
		{348F0079-61CC-440A-9E2B-C0C2ED07D872}.Release|Any CPU.Build.0 = Release|Any CPU
		{BFFCCA52-DD8F-4A33-8A92-162E913CDF1F}.Debug|Any CPU.ActiveCfg = Debug|Any CPU
		{BFFCCA52-DD8F-4A33-8A92-162E913CDF1F}.Debug|Any CPU.Build.0 = Debug|Any CPU
		{BFFCCA52-DD8F-4A33-8A92-162E913CDF1F}.Release|Any CPU.ActiveCfg = Release|Any CPU
		{BFFCCA52-DD8F-4A33-8A92-162E913CDF1F}.Release|Any CPU.Build.0 = Release|Any CPU
		{9AF6943C-7446-49A0-8F20-9191D579A296}.Debug|Any CPU.ActiveCfg = Debug|Any CPU
		{9AF6943C-7446-49A0-8F20-9191D579A296}.Debug|Any CPU.Build.0 = Debug|Any CPU
		{9AF6943C-7446-49A0-8F20-9191D579A296}.Release|Any CPU.ActiveCfg = Release|Any CPU
		{9AF6943C-7446-49A0-8F20-9191D579A296}.Release|Any CPU.Build.0 = Release|Any CPU
		{8A0AE3E6-C3CC-40E7-9BEE-DADFA00517F6}.Debug|Any CPU.ActiveCfg = Debug|Any CPU
		{8A0AE3E6-C3CC-40E7-9BEE-DADFA00517F6}.Debug|Any CPU.Build.0 = Debug|Any CPU
		{8A0AE3E6-C3CC-40E7-9BEE-DADFA00517F6}.Release|Any CPU.ActiveCfg = Release|Any CPU
		{8A0AE3E6-C3CC-40E7-9BEE-DADFA00517F6}.Release|Any CPU.Build.0 = Release|Any CPU
		{4342679F-17B2-4D7C-89AA-A05D29A5CF26}.Debug|Any CPU.ActiveCfg = Debug|Any CPU
		{4342679F-17B2-4D7C-89AA-A05D29A5CF26}.Debug|Any CPU.Build.0 = Debug|Any CPU
		{4342679F-17B2-4D7C-89AA-A05D29A5CF26}.Release|Any CPU.ActiveCfg = Release|Any CPU
		{4342679F-17B2-4D7C-89AA-A05D29A5CF26}.Release|Any CPU.Build.0 = Release|Any CPU
	EndGlobalSection
	GlobalSection(SolutionProperties) = preSolution
		HideSolutionNode = FALSE
	EndGlobalSection
	GlobalSection(NestedProjects) = preSolution
		{B26E663D-3BBD-40C2-879B-460B5C9136FB} = {DA71BAA6-D076-4E39-9F41-0B0B442EB753}
		{8F31C703-9380-471B-9659-6A8FDD12E9F7} = {DA71BAA6-D076-4E39-9F41-0B0B442EB753}
		{CF97F5F1-8E99-4524-8B01-682239F86DB6} = {DA71BAA6-D076-4E39-9F41-0B0B442EB753}
		{D546CCE9-E06E-46EC-8EE3-22331245FC0E} = {DA71BAA6-D076-4E39-9F41-0B0B442EB753}
		{348F0079-61CC-440A-9E2B-C0C2ED07D872} = {DA71BAA6-D076-4E39-9F41-0B0B442EB753}
		{BFFCCA52-DD8F-4A33-8A92-162E913CDF1F} = {DA71BAA6-D076-4E39-9F41-0B0B442EB753}
		{9AF6943C-7446-49A0-8F20-9191D579A296} = {DA71BAA6-D076-4E39-9F41-0B0B442EB753}
		{8A0AE3E6-C3CC-40E7-9BEE-DADFA00517F6} = {DA71BAA6-D076-4E39-9F41-0B0B442EB753}
		{4342679F-17B2-4D7C-89AA-A05D29A5CF26} = {DA71BAA6-D076-4E39-9F41-0B0B442EB753}
	EndGlobalSection
	GlobalSection(ExtensibilityGlobals) = postSolution
		SolutionGuid = {B3C3D8F0-2500-4AF6-B017-21DBE04929E3}
	EndGlobalSection
EndGlobal
